{
  "name": "uair-framework",
  "version": "0.68.0",
  "lockfileVersion": 3,
  "requires": true,
  "packages": {
    "": {
      "name": "uair-framework",
      "version": "0.68.0",
      "license": "MIT",
      "workspaces": [
        "packages/*",
        "examples/*"
      ],
      "devDependencies": {
        "@types/node": "^24.3.0",
        "typescript": "^5.9.2"
      },
      "engines": {
        "node": ">=22"
      }
    },
    "examples/basic": {
      "name": "uair-example-basic",
      "version": "0.67.0",
      "extraneous": true,
      "license": "MIT",
      "dependencies": {
        "@uair/core": "0.67.0",
        "@uair/ui": "0.67.0"
      }
    },
    "examples/builder-showcase": {
      "name": "uair-example-builder-showcase",
      "version": "0.67.0",
      "extraneous": true,
      "dependencies": {
        "@uair/builder": "0.67.0",
        "@uair/core": "0.67.0"
      }
    },
    "examples/capacity-reservation": {
      "name": "uair-example-capacity-reservation",
      "version": "0.68.0",
      "license": "MIT",
      "dependencies": {
        "@uair/core": "0.68.0",
        "@uair/sqlite": "0.68.0"
      }
    },
    "examples/chaos-harness": {
      "name": "uair-example-chaos-harness",
      "version": "0.68.0",
      "license": "MIT",
      "dependencies": {
        "@uair/core": "0.68.0",
        "@uair/sqlite": "0.68.0"
      }
    },
    "examples/conversational-agent": {
      "name": "uair-example-conversational-agent",
      "version": "0.67.0",
      "extraneous": true,
      "dependencies": {
        "@uair/core": "0.67.0",
        "@uair/forge": "0.67.0",
        "@uair/package": "0.67.0",
        "@uair/ui": "0.67.0"
      }
    },
    "examples/enterprise": {
      "name": "uair-example-enterprise",
      "version": "0.67.0",
      "extraneous": true,
      "license": "MIT",
      "dependencies": {
        "@uair/agent": "0.67.0",
        "@uair/core": "0.67.0",
        "@uair/oa": "0.67.0",
        "@uair/security": "0.67.0"
      }
    },
    "examples/interaction-oa-server": {
      "name": "uair-example-interaction-oa-server",
      "version": "0.67.0",
      "extraneous": true,
      "dependencies": {
        "@uair/core": "0.67.0",
        "@uair/interaction": "0.67.0",
        "@uair/oa": "0.67.0",
        "@uair/security": "0.67.0"
      }
    },
    "examples/job-queue-spi": {
      "name": "uair-example-job-queue-spi",
      "version": "0.68.0",
      "license": "MIT",
      "dependencies": {
        "@uair/core": "0.68.0",
        "@uair/postgres": "0.68.0",
        "@uair/sqlite": "0.68.0"
      }
    },
    "examples/multi-runtime-mcp": {
      "name": "uair-example-multi-runtime-mcp",
      "version": "0.68.0",
      "license": "MIT",
      "dependencies": {
        "@modelcontextprotocol/node": "2.0.0",
        "@modelcontextprotocol/server": "2.0.0",
        "@uair/core": "0.68.0",
        "@uair/mcp": "0.68.0"
      }
    },
    "examples/oa-showcase": {
      "name": "uair-example-oa-showcase",
      "version": "0.67.0",
      "extraneous": true,
      "dependencies": {
        "@uair/agent": "0.67.0",
        "@uair/core": "0.67.0",
        "@uair/ui": "0.67.0"
      }
    },
    "examples/playground": {
      "name": "uair-example-playground",
      "version": "0.67.0",
      "extraneous": true,
      "license": "MIT",
      "dependencies": {
        "@uair/agent": "0.67.0",
        "@uair/core": "0.67.0",
        "@uair/ui": "0.67.0"
      }
    },
    "examples/postgres-integration": {
      "name": "uair-example-postgres-integration",
      "version": "0.68.0",
      "license": "MIT",
      "dependencies": {
        "pg": "^8.13.0"
      }
    },
    "examples/process-crash-harness": {
      "name": "uair-example-process-crash-harness",
      "version": "0.68.0",
      "license": "MIT",
      "dependencies": {
        "@uair/core": "0.68.0",
        "@uair/sqlite": "0.68.0"
      }
    },
    "examples/reliable-queue": {
      "name": "uair-example-reliable-queue",
      "version": "0.68.0",
      "license": "MIT",
      "dependencies": {
        "@uair/core": "0.68.0",
        "@uair/sqlite": "0.68.0"
      }
    },
    "examples/routing": {
      "name": "uair-example-routing",
      "version": "0.68.0",
      "license": "MIT",
      "dependencies": {
        "@uair/core": "0.68.0"
      }
    },
    "examples/shared-registry": {
      "name": "uair-example-shared-registry",
      "version": "0.68.0",
      "license": "MIT",
      "dependencies": {
        "@uair/core": "0.68.0",
        "@uair/postgres": "0.68.0",
        "@uair/sqlite": "0.68.0"
      }
    },
    "examples/versioning": {
      "name": "uair-example-versioning",
      "version": "0.68.0",
      "license": "MIT",
      "dependencies": {
        "@uair/core": "0.68.0"
      }
    },
    "node_modules/@hono/node-server": {
      "version": "1.19.17",
      "resolved": "https://registry.npmjs.org/@hono/node-server/-/node-server-1.19.17.tgz",
      "integrity": "sha512-dSneS5qhiauZWGDCeK4o695Xd9nUNjviSZCMQrj10eetr8Uln1ucn6bbphOM6UynAMMtNIzZNSpL9vnASJwrPQ==",
      "license": "MIT",
      "engines": {
        "node": ">=18.14.1"
      },
      "peerDependencies": {
        "hono": "^4"
      }
    },
    "node_modules/@modelcontextprotocol/client": {
      "version": "2.0.0",
      "resolved": "https://registry.npmjs.org/@modelcontextprotocol/client/-/client-2.0.0.tgz",
      "integrity": "sha512-8f1OghQ2rjzIOfqgUCP+8GiUWqRs89njoWLNqAe8kWmDePv3s1fZXseej+QXemssEuuOvLLmLO/kqM3IQHtISw==",
      "license": "MIT",
      "dependencies": {
        "@modelcontextprotocol/core": "2.0.0",
        "cross-spawn": "^7.0.5",
        "eventsource": "^3.0.2",
        "eventsource-parser": "^3.0.0",
        "jose": "^6.1.3",
        "pkce-challenge": "^5.0.0",
        "zod": "^4.2.0"
      },
      "engines": {
        "node": ">=20"
      }
    },
    "node_modules/@modelcontextprotocol/core": {
      "version": "2.0.0",
      "resolved": "https://registry.npmjs.org/@modelcontextprotocol/core/-/core-2.0.0.tgz",
      "integrity": "sha512-pJCEwGG7Lfr/+PQp9ZTwKXNeO5wzbfKL7H3MYpCorM4oFBoQrdjnBgEoqG+RjhsvS1FKrDbKux+M1HhlnGWqcA==",
      "license": "MIT",
      "dependencies": {
        "zod": "^4.2.0"
      },
      "engines": {
        "node": ">=20"
      }
    },
    "node_modules/@modelcontextprotocol/node": {
      "version": "2.0.0",
      "resolved": "https://registry.npmjs.org/@modelcontextprotocol/node/-/node-2.0.0.tgz",
      "integrity": "sha512-Y4hAC2XdGDUdDOCbLDOCA4+aL3NUldjsOWlDL/YwpAxrPhRm1xHd7lZ+mLacvZ9t3PaH28wgNoaLQGrIk1P2pg==",
      "license": "MIT",
      "dependencies": {
        "@hono/node-server": "^1.19.9"
      },
      "engines": {
        "node": ">=20"
      },
      "peerDependencies": {
        "@modelcontextprotocol/server": "^2.0.0",
        "hono": "^4.11.4"
      },
      "peerDependenciesMeta": {
        "hono": {
          "optional": true
        }
      }
    },
    "node_modules/@modelcontextprotocol/server": {
      "version": "2.0.0",
      "resolved": "https://registry.npmjs.org/@modelcontextprotocol/server/-/server-2.0.0.tgz",
      "integrity": "sha512-YhHWdHfpFMQfd0prsEnxKeS3Qz3ytIGmsS0sth4KDjnacIT7hxk6hXHkJ9KysxlkvTM+WZAtQbbcUhdoP4Hvtw==",
      "license": "MIT",
      "dependencies": {
        "@modelcontextprotocol/core": "2.0.0",
        "zod": "^4.2.0"
      },
      "engines": {
        "node": ">=20"
      }
    },
    "node_modules/@types/node": {
      "version": "24.13.3",
      "resolved": "https://registry.npmjs.org/@types/node/-/node-24.13.3.tgz",
      "integrity": "sha512-Dh8vAsV36ig5wa9OX4pXvMc9D3Veibfw2wix0CUwYODLD8nkj9UsLjASr49nPg+2eKzxhBV+v7L8pXvT4e639Q==",
      "dev": true,
      "license": "MIT",
      "dependencies": {
        "undici-types": "~7.18.0"
      }
    },
    "node_modules/@uair/agent": {
      "resolved": "packages/agent",
      "link": true
    },
    "node_modules/@uair/capability": {
      "resolved": "packages/capability",
      "link": true
    },
    "node_modules/@uair/core": {
      "resolved": "packages/core",
      "link": true
    },
    "node_modules/@uair/interaction": {
      "resolved": "packages/interaction",
      "link": true
    },
    "node_modules/@uair/mcp": {
      "resolved": "packages/mcp",
      "link": true
    },
    "node_modules/@uair/ops": {
      "resolved": "packages/ops",
      "link": true
    },
    "node_modules/@uair/otel": {
      "resolved": "packages/otel",
      "link": true
    },
    "node_modules/@uair/package": {
      "resolved": "packages/package",
      "link": true
    },
    "node_modules/@uair/postgres": {
      "resolved": "packages/postgres",
      "link": true
    },
    "node_modules/@uair/sandbox": {
      "resolved": "packages/sandbox",
      "link": true
    },
    "node_modules/@uair/security": {
      "resolved": "packages/security",
      "link": true
    },
    "node_modules/@uair/sqlite": {
      "resolved": "packages/sqlite",
      "link": true
    },
    "node_modules/@uair/ui": {
      "resolved": "packages/ui",
      "link": true
    },
    "node_modules/create-uair": {
      "resolved": "packages/create-uair",
      "link": true
    },
    "node_modules/cross-spawn": {
      "version": "7.0.6",
      "resolved": "https://registry.npmjs.org/cross-spawn/-/cross-spawn-7.0.6.tgz",
      "integrity": "sha512-uV2QOWP2nWzsy2aMp8aRibhi9dlzF5Hgh5SHaB9OiTGEyDTiJJyx0uy51QXdyWbtAHNua4XJzUKca3OzKUd3vA==",
      "license": "MIT",
      "dependencies": {
        "path-key": "^3.1.0",
        "shebang-command": "^2.0.0",
        "which": "^2.0.1"
      },
      "engines": {
        "node": ">= 8"
      }
    },
    "node_modules/eventsource": {
      "version": "3.0.7",
      "resolved": "https://registry.npmjs.org/eventsource/-/eventsource-3.0.7.tgz",
      "integrity": "sha512-CRT1WTyuQoD771GW56XEZFQ/ZoSfWid1alKGDYMmkt2yl8UXrVR4pspqWNEcqKvVIzg6PAltWjxcSSPrboA4iA==",
      "license": "MIT",
      "dependencies": {
        "eventsource-parser": "^3.0.1"
      },
      "engines": {
        "node": ">=18.0.0"
      }
    },
    "node_modules/eventsource-parser": {
      "version": "3.1.1",
      "resolved": "https://registry.npmjs.org/eventsource-parser/-/eventsource-parser-3.1.1.tgz",
      "integrity": "sha512-EKN1vKAMcZ8MlYMpaNuxN6R9yakzH6uajHcHVTqWJzvu5pWw9DyhbP35HH8MVBQ+dZjAfDxk+A8NiR9KWaXiyQ==",
      "license": "MIT",
      "engines": {
        "node": ">=18.0.0"
      }
    },
    "node_modules/hono": {
      "version": "4.13.3",
      "resolved": "https://registry.npmjs.org/hono/-/hono-4.13.3.tgz",
      "integrity": "sha512-r8AO2mYHoLxSHkgafNeC/BXyb2vWRxD3jem4Ts+ptav8oTG5FIRifAjuJEmZI4bSvvc2ns0GxmIYiZnHqN3mMw==",
      "license": "MIT",
      "peer": true,
      "engines": {
        "node": ">=16.9.0"
      }
    },
    "node_modules/isexe": {
      "version": "2.0.0",
      "resolved": "https://registry.npmjs.org/isexe/-/isexe-2.0.0.tgz",
      "integrity": "sha512-RHxMLp9lnKHGHRng9QFhRCMbYAcVpn69smSGcq3f36xjgVVWThj4qqLbTLlq7Ssj8B+fIQ1EuCEGI2lKsyQeIw==",
      "license": "ISC"
    },
    "node_modules/jose": {
      "version": "6.2.9",
      "resolved": "https://registry.npmjs.org/jose/-/jose-6.2.9.tgz",
      "integrity": "sha512-XrchZOFZUl/T3vTwRe8XK+cJrGtMF4th1ARnDfwbBXFKThGhlsxEE4Zu03AD/bjJSt/9jT/mxrOCkJWOg77aPA==",
      "license": "MIT",
      "funding": {
        "url": "https://github.com/sponsors/panva"
      }
    },
    "node_modules/path-key": {
      "version": "3.1.1",
      "resolved": "https://registry.npmjs.org/path-key/-/path-key-3.1.1.tgz",
      "integrity": "sha512-ojmeN0qd+y0jszEtoY48r0Peq5dwMEkIlCOu6Q5f41lfkswXuKtYrhgoTpLnyIcHm24Uhqx+5Tqm2InSwLhE6Q==",
      "license": "MIT",
      "engines": {
        "node": ">=8"
      }
    },
    "node_modules/pg": {
      "version": "8.23.0",
      "resolved": "https://registry.npmjs.org/pg/-/pg-8.23.0.tgz",
      "integrity": "sha512-Ip2EQCngowJLGOfCwkFhPXU7/ljlhn6Rxlmy4XYfL2Y+vyRM59+8uR2xqRWKdYmbXmxCFOAmKxBuSUCdF34qLg==",
      "license": "MIT",
      "dependencies": {
        "pg-connection-string": "^2.14.0",
        "pg-pool": "^3.14.0",
        "pg-protocol": "^1.16.0",
        "pg-types": "2.2.0",
        "pgpass": "1.0.5"
      },
      "engines": {
        "node": ">= 16.0.0"
      },
      "optionalDependencies": {
        "pg-cloudflare": "^1.4.0"
      },
      "peerDependencies": {
        "pg-native": ">=3.0.1"
      },
      "peerDependenciesMeta": {
        "pg-native": {
          "optional": true
        }
      }
    },
    "node_modules/pg-cloudflare": {
      "version": "1.4.0",
      "resolved": "https://registry.npmjs.org/pg-cloudflare/-/pg-cloudflare-1.4.0.tgz",
      "integrity": "sha512-Vo7z/6rrQYxpNRylp4Tlob2elzbh+N/MOQbxFVWCxS7oEx6jF53GTJFxK2WWpKuBRkmiin4Mt+xofFDjx09R0A==",
      "license": "MIT",
      "optional": true
    },
    "node_modules/pg-connection-string": {
      "version": "2.14.0",
      "resolved": "https://registry.npmjs.org/pg-connection-string/-/pg-connection-string-2.14.0.tgz",
      "integrity": "sha512-XwWDGcLRGCXAR8F/AM5bG7Q+A3Wm2s6QeEjlOKZLlH3UYcguiqCWKyWXVag5TLTIjR7oOJUY8kcADaZgWPyLeg==",
      "license": "MIT"
    },
    "node_modules/pg-int8": {
      "version": "1.0.1",
      "resolved": "https://registry.npmjs.org/pg-int8/-/pg-int8-1.0.1.tgz",
      "integrity": "sha512-WCtabS6t3c8SkpDBUlb1kjOs7l66xsGdKpIPZsg4wR+B3+u9UAum2odSsF9tnvxg80h4ZxLWMy4pRjOsFIqQpw==",
      "license": "ISC",
      "engines": {
        "node": ">=4.0.0"
      }
    },
    "node_modules/pg-pool": {
      "version": "3.14.0",
      "resolved": "https://registry.npmjs.org/pg-pool/-/pg-pool-3.14.0.tgz",
      "integrity": "sha512-gKtPkFdQPU3DksooVLi9LsjZxrsBUZIpa+7aVx+LV5pNh0KzP4Zleud2po+ConrxbuXGBJ6Hfer6hdgpIBpBaw==",
      "license": "MIT",
      "peerDependencies": {
        "pg": ">=8.0"
      }
    },
    "node_modules/pg-protocol": {
      "version": "1.16.0",
      "resolved": "https://registry.npmjs.org/pg-protocol/-/pg-protocol-1.16.0.tgz",
      "integrity": "sha512-sILXutLVjCLjcDuOmvhX5e2Z4cS5qG/6Bu3VkpFwdf/633ElGLpEh9bgmuI5I4sqKqkifQiGyiCcx1HdtrK7tg==",
      "license": "MIT"
    },
    "node_modules/pg-types": {
      "version": "2.2.0",
      "resolved": "https://registry.npmjs.org/pg-types/-/pg-types-2.2.0.tgz",
      "integrity": "sha512-qTAAlrEsl8s4OiEQY69wDvcMIdQN6wdz5ojQiOy6YRMuynxenON0O5oCpJI6lshc6scgAY8qvJ2On/p+CXY0GA==",
      "license": "MIT",
      "dependencies": {
        "pg-int8": "1.0.1",
        "postgres-array": "~2.0.0",
        "postgres-bytea": "~1.0.0",
        "postgres-date": "~1.0.4",
        "postgres-interval": "^1.1.0"
      },
      "engines": {
        "node": ">=4"
      }
    },
    "node_modules/pgpass": {
      "version": "1.0.5",
      "resolved": "https://registry.npmjs.org/pgpass/-/pgpass-1.0.5.tgz",
      "integrity": "sha512-FdW9r/jQZhSeohs1Z3sI1yxFQNFvMcnmfuj4WBMUTxOrAyLMaTcE1aAMBiTlbMNaXvBCQuVi0R7hd8udDSP7ug==",
      "license": "MIT",
      "dependencies": {
        "split2": "^4.1.0"
      }
    },
    "node_modules/pkce-challenge": {
      "version": "5.0.1",
      "resolved": "https://registry.npmjs.org/pkce-challenge/-/pkce-challenge-5.0.1.tgz",
      "integrity": "sha512-wQ0b/W4Fr01qtpHlqSqspcj3EhBvimsdh0KlHhH8HRZnMsEa0ea2fTULOXOS9ccQr3om+GcGRk4e+isrZWV8qQ==",
      "license": "MIT",
      "engines": {
        "node": ">=16.20.0"
      }
    },
    "node_modules/postgres-array": {
      "version": "2.0.0",
      "resolved": "https://registry.npmjs.org/postgres-array/-/postgres-array-2.0.0.tgz",
      "integrity": "sha512-VpZrUqU5A69eQyW2c5CA1jtLecCsN2U/bD6VilrFDWq5+5UIEVO7nazS3TEcHf1zuPYO/sqGvUvW62g86RXZuA==",
      "license": "MIT",
      "engines": {
        "node": ">=4"
      }
    },
    "node_modules/postgres-bytea": {
      "version": "1.0.1",
      "resolved": "https://registry.npmjs.org/postgres-bytea/-/postgres-bytea-1.0.1.tgz",
      "integrity": "sha512-5+5HqXnsZPE65IJZSMkZtURARZelel2oXUEO8rH83VS/hxH5vv1uHquPg5wZs8yMAfdv971IU+kcPUczi7NVBQ==",
      "license": "MIT",
      "engines": {
        "node": ">=0.10.0"
      }
    },
    "node_modules/postgres-date": {
      "version": "1.0.7",
      "resolved": "https://registry.npmjs.org/postgres-date/-/postgres-date-1.0.7.tgz",
      "integrity": "sha512-suDmjLVQg78nMK2UZ454hAG+OAW+HQPZ6n++TNDUX+L0+uUlLywnoxJKDou51Zm+zTCjrCl0Nq6J9C5hP9vK/Q==",
      "license": "MIT",
      "engines": {
        "node": ">=0.10.0"
      }
    },
    "node_modules/postgres-interval": {
      "version": "1.2.0",
      "resolved": "https://registry.npmjs.org/postgres-interval/-/postgres-interval-1.2.0.tgz",
      "integrity": "sha512-9ZhXKM/rw350N1ovuWHbGxnGh/SNJ4cnxHiM0rxE4VN41wsg8P8zWn9hv/buK00RP4WvlOyr/RBDiptyxVbkZQ==",
      "license": "MIT",
      "dependencies": {
        "xtend": "^4.0.0"
      },
      "engines": {
        "node": ">=0.10.0"
      }
    },
    "node_modules/shebang-command": {
      "version": "2.0.0",
      "resolved": "https://registry.npmjs.org/shebang-command/-/shebang-command-2.0.0.tgz",
      "integrity": "sha512-kHxr2zZpYtdmrN1qDjrrX/Z1rR1kG8Dx+gkpK1G4eXmvXswmcE1hTWBWYUzlraYw1/yZp6YuDY77YtvbN0dmDA==",
      "license": "MIT",
      "dependencies": {
        "shebang-regex": "^3.0.0"
      },
      "engines": {
        "node": ">=8"
      }
    },
    "node_modules/shebang-regex": {
      "version": "3.0.0",
      "resolved": "https://registry.npmjs.org/shebang-regex/-/shebang-regex-3.0.0.tgz",
      "integrity": "sha512-7++dFhtcx3353uBaq8DDR4NuxBetBzC7ZQOhmTQInHEd6bSrXdiEyzCvG07Z44UYdLShWUyXt5M/yhz8ekcb1A==",
      "license": "MIT",
      "engines": {
        "node": ">=8"
      }
    },
    "node_modules/split2": {
      "version": "4.2.0",
      "resolved": "https://registry.npmjs.org/split2/-/split2-4.2.0.tgz",
      "integrity": "sha512-UcjcJOWknrNkF6PLX83qcHM6KHgVKNkV62Y8a5uYDVv9ydGQVwAHMKqHdJje1VTWpljG0WYpCDhrCdAOYH4TWg==",
      "license": "ISC",
      "engines": {
        "node": ">= 10.x"
      }
    },
    "node_modules/typescript": {
      "version": "5.9.3",
      "resolved": "https://registry.npmjs.org/typescript/-/typescript-5.9.3.tgz",
      "integrity": "sha512-jl1vZzPDinLr9eUt3J/t7V6FgNEw9QjvBPdysz9KfQDD41fQrC2Y4vKQdiaUpFT4bXlb1RHhLpp8wtm6M5TgSw==",
      "dev": true,
      "license": "Apache-2.0",
      "bin": {
        "tsc": "bin/tsc",
        "tsserver": "bin/tsserver"
      },
      "engines": {
        "node": ">=14.17"
      }
    },
    "node_modules/uair-example-capacity-reservation": {
      "resolved": "examples/capacity-reservation",
      "link": true
    },
    "node_modules/uair-example-chaos-harness": {
      "resolved": "examples/chaos-harness",
      "link": true
    },
    "node_modules/uair-example-job-queue-spi": {
      "resolved": "examples/job-queue-spi",
      "link": true
    },
    "node_modules/uair-example-multi-runtime-mcp": {
      "resolved": "examples/multi-runtime-mcp",
      "link": true
    },
    "node_modules/uair-example-postgres-integration": {
      "resolved": "examples/postgres-integration",
      "link": true
    },
    "node_modules/uair-example-process-crash-harness": {
      "resolved": "examples/process-crash-harness",
      "link": true
    },
    "node_modules/uair-example-reliable-queue": {
      "resolved": "examples/reliable-queue",
      "link": true
    },
    "node_modules/uair-example-routing": {
      "resolved": "examples/routing",
      "link": true
    },
    "node_modules/uair-example-shared-registry": {
      "resolved": "examples/shared-registry",
      "link": true
    },
    "node_modules/uair-example-versioning": {
      "resolved": "examples/versioning",
      "link": true
    },
    "node_modules/undici-types": {
      "version": "7.18.2",
      "resolved": "https://registry.npmjs.org/undici-types/-/undici-types-7.18.2.tgz",
      "integrity": "sha512-AsuCzffGHJybSaRrmr5eHr81mwJU3kjw6M+uprWvCXiNeN9SOGwQ3Jn8jb8m3Z6izVgknn1R0FTCEAP2QrLY/w==",
      "dev": true,
      "license": "MIT"
    },
    "node_modules/which": {
      "version": "2.0.2",
      "resolved": "https://registry.npmjs.org/which/-/which-2.0.2.tgz",
      "integrity": "sha512-BLI3Tl1TW3Pvl70l3yq3Y64i+awpwXqsGBYWkkqMtnbXgrMD+yj7rhW0kuEDxzJaYXGjEW5ogapKNMEKNMjibA==",
      "license": "ISC",
      "dependencies": {
        "isexe": "^2.0.0"
      },
      "bin": {
        "node-which": "bin/node-which"
      },
      "engines": {
        "node": ">= 8"
      }
    },
    "node_modules/xtend": {
      "version": "4.0.2",
      "resolved": "https://registry.npmjs.org/xtend/-/xtend-4.0.2.tgz",
      "integrity": "sha512-LKYU1iAXJXUgAXn9URjiu+MWhyUXHsvfp7mcuYm9dSUKK0/CjtrUwFAxD82/mCWbtLsGjFIad0wIsod4zrTAEQ==",
      "license": "MIT",
      "engines": {
        "node": ">=0.4"
      }
    },
    "node_modules/zod": {
      "version": "4.4.3",
      "resolved": "https://registry.npmjs.org/zod/-/zod-4.4.3.tgz",
      "integrity": "sha512-ytENFjIJFl2UwYglde2jchW2Hwm4GJFLDiSXWdTrJQBIN9Fcyp7n4DhxJEiWNAJMV1/BqWfW/kkg71UDcHJyTQ==",
      "license": "MIT",
      "funding": {
        "url": "https://github.com/sponsors/colinhacks"
      }
    },
    "packages/agent": {
      "name": "@uair/agent",
      "version": "0.68.0",
      "license": "MIT",
      "devDependencies": {
        "@uair/core": "0.68.0"
      },
      "engines": {
        "node": ">=22"
      },
      "peerDependencies": {
        "@uair/core": "^0.68.0"
      }
    },
    "packages/builder": {
      "name": "@uair/builder",
      "version": "0.67.0",
      "extraneous": true,
      "license": "MIT",
      "dependencies": {
        "@uair/core": "0.67.0",
        "@uair/package": "0.67.0",
        "typescript": "^5.9.2"
      },
      "engines": {
        "node": ">=22"
      }
    },
    "packages/capability": {
      "name": "@uair/capability",
      "version": "0.68.0",
      "license": "MIT",
      "devDependencies": {
        "@uair/core": "0.68.0"
      },
      "engines": {
        "node": ">=22"
      },
      "peerDependencies": {
        "@uair/core": "^0.68.0"
      }
    },
    "packages/cli": {
      "name": "@uair/cli",
      "version": "0.67.0",
      "extraneous": true,
      "license": "MIT",
      "dependencies": {
        "@uair/builder": "0.67.0",
        "@uair/core": "0.67.0",
        "@uair/package": "0.67.0"
      },
      "bin": {
        "uair": "dist/cli.js"
      },
      "engines": {
        "node": ">=22"
      }
    },
    "packages/core": {
      "name": "@uair/core",
      "version": "0.68.0",
      "license": "MIT",
      "engines": {
        "node": ">=22"
      }
    },
    "packages/create-uair": {
      "version": "0.68.0",
      "license": "MIT",
      "bin": {
        "create-uair": "dist/index.js"
      },
      "engines": {
        "node": ">=22"
      }
    },
    "packages/forge": {
      "name": "@uair/forge",
      "version": "0.67.0",
      "extraneous": true,
      "license": "MIT",
      "dependencies": {
        "@uair/package": "0.67.0"
      },
      "engines": {
        "node": ">=22"
      }
    },
    "packages/interaction": {
      "name": "@uair/interaction",
      "version": "0.68.0",
      "license": "MIT",
      "devDependencies": {
        "@uair/core": "0.68.0"
      },
      "engines": {
        "node": ">=22"
      },
      "peerDependencies": {
        "@uair/core": "^0.68.0"
      }
    },
    "packages/mcp": {
      "name": "@uair/mcp",
      "version": "0.68.0",
      "license": "MIT",
      "dependencies": {
        "@modelcontextprotocol/client": "^2.0.0",
        "@modelcontextprotocol/server": "^2.0.0",
        "@uair/capability": "^0.68.0"
      },
      "devDependencies": {
        "@uair/core": "0.68.0"
      },
      "engines": {
        "node": ">=22"
      },
      "peerDependencies": {
        "@uair/core": "^0.68.0"
      }
    },
    "packages/oa": {
      "name": "@uair/oa",
      "version": "0.67.0",
      "extraneous": true,
      "license": "MIT",
      "dependencies": {
        "@uair/core": "0.67.0",
        "@uair/interaction": "0.67.0",
        "@uair/package": "0.67.0",
        "@uair/security": "0.67.0",
        "@uair/ui": "0.67.0"
      },
      "engines": {
        "node": ">=22"
      }
    },
    "packages/ops": {
      "name": "@uair/ops",
      "version": "0.68.0",
      "license": "MIT",
      "devDependencies": {
        "@uair/core": "0.68.0"
      },
      "engines": {
        "node": ">=22"
      },
      "peerDependencies": {
        "@uair/core": "^0.68.0"
      }
    },
    "packages/otel": {
      "name": "@uair/otel",
      "version": "0.68.0",
      "license": "MIT",
      "devDependencies": {
        "@uair/core": "0.68.0"
      },
      "engines": {
        "node": ">=22"
      },
      "peerDependencies": {
        "@uair/core": "^0.68.0"
      }
    },
    "packages/package": {
      "name": "@uair/package",
      "version": "0.68.0",
      "license": "MIT",
      "dependencies": {
        "@uair/capability": "0.68.0"
      },
      "devDependencies": {
        "@uair/core": "0.68.0"
      },
      "engines": {
        "node": ">=22"
      },
      "peerDependencies": {
        "@uair/core": "^0.68.0"
      }
    },
    "packages/postgres": {
      "name": "@uair/postgres",
      "version": "0.68.0",
      "license": "MIT",
      "devDependencies": {
        "@uair/core": "0.68.0"
      },
      "engines": {
        "node": ">=22"
      },
      "peerDependencies": {
        "@uair/core": "^0.68.0"
      }
    },
    "packages/sandbox": {
      "name": "@uair/sandbox",
      "version": "0.68.0",
      "license": "MIT",
      "dependencies": {
        "@uair/capability": "0.68.0",
        "@uair/package": "0.68.0",
        "@uair/security": "0.68.0"
      },
      "devDependencies": {
        "@uair/core": "0.68.0"
      },
      "engines": {
        "node": ">=22"
      },
      "peerDependencies": {
        "@uair/core": "^0.68.0"
      }
    },
    "packages/security": {
      "name": "@uair/security",
      "version": "0.68.0",
      "license": "MIT",
      "dependencies": {
        "@uair/capability": "0.68.0"
      },
      "devDependencies": {
        "@uair/core": "0.68.0"
      },
      "engines": {
        "node": ">=22"
      },
      "peerDependencies": {
        "@uair/core": "^0.68.0"
      }
    },
    "packages/sqlite": {
      "name": "@uair/sqlite",
      "version": "0.68.0",
      "license": "MIT",
      "devDependencies": {
        "@uair/core": "0.68.0"
      },
      "engines": {
        "node": ">=22"
      },
      "peerDependencies": {
        "@uair/core": "^0.68.0"
      }
    },
    "packages/ui": {
      "name": "@uair/ui",
      "version": "0.68.0",
      "license": "MIT",
      "devDependencies": {
        "@uair/core": "0.68.0"
      },
      "engines": {
        "node": ">=22"
      },
      "peerDependencies": {
        "@uair/core": "^0.68.0"
      }
    }
  }
}
